
Microsoft Visual Studio Solution File, Format Version 12.00
# Visual Studio Version 18
VisualStudioVersion = 18.3.11527.330
MinimumVisualStudioVersion = 10.0.40219.1
Project("{FAE04EC0-301F-11D3-BF4B-00C04F79EFBC}") = "Short-termApartmentAPI", "Short-termApartmentAPI\Short-termApartmentAPI.csproj", "{A1275740-0F4B-4CCA-BCC7-6768060ED3DF}"
EndProject
Project("{FAE04EC0-301F-11D3-BF4B-00C04F79EFBC}") = "DAL", "DAL\DAL.csproj", "{9DC92EC6-E47C-44BD-A3BE-64E140452811}"
EndProject
Project("{FAE04EC0-301F-11D3-BF4B-00C04F79EFBC}") = "BLL", "BLL\BLL.csproj", "{6C3A9787-1975-44FF-BDF4-95C3987F5D54}"
EndProject
Project("{FAE04EC0-301F-11D3-BF4B-00C04F79EFBC}") = "Common", "Common\Common.csproj", "{B73ADFE8-A197-AD1D-5DFA-BFA412DC9E8D}"
EndProject
Project("{2150E333-8FDC-42A3-9474-1A3956D46DE8}") = "tests", "tests", "{0AB3BF05-4346-4AA6-1389-037BE0695223}"
EndProject
Project("{FAE04EC0-301F-11D3-BF4B-00C04F79EFBC}") = "Common.Tests", "tests\Common.Tests\Common.Tests.csproj", "{80632200-2192-4AA8-A708-12BBC3BC1545}"
EndProject
Project("{FAE04EC0-301F-11D3-BF4B-00C04F79EFBC}") = "DAL.Tests", "tests\DAL.Tests\DAL.Tests.csproj", "{E18BA09C-1B4B-4F76-98C2-B6ECED7CA0B6}"
EndProject
Project("{FAE04EC0-301F-11D3-BF4B-00C04F79EFBC}") = "BLL.Tests", "tests\BLL.Tests\BLL.Tests.csproj", "{4A211F66-88BF-44B4-9AB2-A7A1C9937E72}"
EndProject
Project("{FAE04EC0-301F-11D3-BF4B-00C04F79EFBC}") = "Short-termApartmentAPI.IntegrationTests", "tests\Short-termApartmentAPI.IntegrationTests\Short-termApartmentAPI.IntegrationTests.csproj", "{0161A226-A807-4FD8-9C0A-625B9B79F4B5}"
EndProject
Global
	GlobalSection(SolutionConfigurationPlatforms) = preSolution
		Debug|Any CPU = Debug|Any CPU
		Debug|x64 = Debug|x64
		Debug|x86 = Debug|x86
		Release|Any CPU = Release|Any CPU
		Release|x64 = Release|x64
		Release|x86 = Release|x86
	EndGlobalSection
	GlobalSection(ProjectConfigurationPlatforms) = postSolution
		{A1275740-0F4B-4CCA-BCC7-6768060ED3DF}.Debug|Any CPU.ActiveCfg = Debug|Any CPU
		{A1275740-0F4B-4CCA-BCC7-6768060ED3DF}.Debug|Any CPU.Build.0 = Debug|Any CPU
		{A1275740-0F4B-4CCA-BCC7-6768060ED3DF}.Debug|x64.ActiveCfg = Debug|Any CPU
		{A1275740-0F4B-4CCA-BCC7-6768060ED3DF}.Debug|x64.Build.0 = Debug|Any CPU
		{A1275740-0F4B-4CCA-BCC7-6768060ED3DF}.Debug|x86.ActiveCfg = Debug|Any CPU
		{A1275740-0F4B-4CCA-BCC7-6768060ED3DF}.Debug|x86.Build.0 = Debug|Any CPU
		{A1275740-0F4B-4CCA-BCC7-6768060ED3DF}.Release|Any CPU.ActiveCfg = Release|Any CPU
		{A1275740-0F4B-4CCA-BCC7-6768060ED3DF}.Release|Any CPU.Build.0 = Release|Any CPU
		{A1275740-0F4B-4CCA-BCC7-6768060ED3DF}.Release|x64.ActiveCfg = Release|Any CPU
		{A1275740-0F4B-4CCA-BCC7-6768060ED3DF}.Release|x64.Build.0 = Release|Any CPU
		{A1275740-0F4B-4CCA-BCC7-6768060ED3DF}.Release|x86.ActiveCfg = Release|Any CPU
		{A1275740-0F4B-4CCA-BCC7-6768060ED3DF}.Release|x86.Build.0 = Release|Any CPU
		{9DC92EC6-E47C-44BD-A3BE-64E140452811}.Debug|Any CPU.ActiveCfg = Debug|Any CPU
		{9DC92EC6-E47C-44BD-A3BE-64E140452811}.Debug|Any CPU.Build.0 = Debug|Any CPU
		{9DC92EC6-E47C-44BD-A3BE-64E140452811}.Debug|x64.ActiveCfg = Debug|Any CPU
		{9DC92EC6-E47C-44BD-A3BE-64E140452811}.Debug|x64.Build.0 = Debug|Any CPU
		{9DC92EC6-E47C-44BD-A3BE-64E140452811}.Debug|x86.ActiveCfg = Debug|Any CPU
		{9DC92EC6-E47C-44BD-A3BE-64E140452811}.Debug|x86.Build.0 = Debug|Any CPU
		{9DC92EC6-E47C-44BD-A3BE-64E140452811}.Release|Any CPU.ActiveCfg = Release|Any CPU
		{9DC92EC6-E47C-44BD-A3BE-64E140452811}.Release|Any CPU.Build.0 = Release|Any CPU
		{9DC92EC6-E47C-44BD-A3BE-64E140452811}.Release|x64.ActiveCfg = Release|Any CPU
		{9DC92EC6-E47C-44BD-A3BE-64E140452811}.Release|x64.Build.0 = Release|Any CPU
		{9DC92EC6-E47C-44BD-A3BE-64E140452811}.Release|x86.ActiveCfg = Release|Any CPU
		{9DC92EC6-E47C-44BD-A3BE-64E140452811}.Release|x86.Build.0 = Release|Any CPU
		{6C3A9787-1975-44FF-BDF4-95C3987F5D54}.Debug|Any CPU.ActiveCfg = Debug|Any CPU
		{6C3A9787-1975-44FF-BDF4-95C3987F5D54}.Debug|Any CPU.Build.0 = Debug|Any CPU
		{6C3A9787-1975-44FF-BDF4-95C3987F5D54}.Debug|x64.ActiveCfg = Debug|Any CPU
		{6C3A9787-1975-44FF-BDF4-95C3987F5D54}.Debug|x64.Build.0 = Debug|Any CPU
		{6C3A9787-1975-44FF-BDF4-95C3987F5D54}.Debug|x86.ActiveCfg = Debug|Any CPU
		{6C3A9787-1975-44FF-BDF4-95C3987F5D54}.Debug|x86.Build.0 = Debug|Any CPU
		{6C3A9787-1975-44FF-BDF4-95C3987F5D54}.Release|Any CPU.ActiveCfg = Release|Any CPU
		{6C3A9787-1975-44FF-BDF4-95C3987F5D54}.Release|Any CPU.Build.0 = Release|Any CPU
		{6C3A9787-1975-44FF-BDF4-95C3987F5D54}.Release|x64.ActiveCfg = Release|Any CPU
		{6C3A9787-1975-44FF-BDF4-95C3987F5D54}.Release|x64.Build.0 = Release|Any CPU
		{6C3A9787-1975-44FF-BDF4-95C3987F5D54}.Release|x86.ActiveCfg = Release|Any CPU
		{6C3A9787-1975-44FF-BDF4-95C3987F5D54}.Release|x86.Build.0 = Release|Any CPU
		{B73ADFE8-A197-AD1D-5DFA-BFA412DC9E8D}.Debug|Any CPU.ActiveCfg = Debug|Any CPU
		{B73ADFE8-A197-AD1D-5DFA-BFA412DC9E8D}.Debug|Any CPU.Build.0 = Debug|Any CPU
		{B73ADFE8-A197-AD1D-5DFA-BFA412DC9E8D}.Debug|x64.ActiveCfg = Debug|Any CPU
		{B73ADFE8-A197-AD1D-5DFA-BFA412DC9E8D}.Debug|x64.Build.0 = Debug|Any CPU
		{B73ADFE8-A197-AD1D-5DFA-BFA412DC9E8D}.Debug|x86.ActiveCfg = Debug|Any CPU
		{B73ADFE8-A197-AD1D-5DFA-BFA412DC9E8D}.Debug|x86.Build.0 = Debug|Any CPU
		{B73ADFE8-A197-AD1D-5DFA-BFA412DC9E8D}.Release|Any CPU.ActiveCfg = Release|Any CPU
		{B73ADFE8-A197-AD1D-5DFA-BFA412DC9E8D}.Release|Any CPU.Build.0 = Release|Any CPU
		{B73ADFE8-A197-AD1D-5DFA-BFA412DC9E8D}.Release|x64.ActiveCfg = Release|Any CPU
		{B73ADFE8-A197-AD1D-5DFA-BFA412DC9E8D}.Release|x64.Build.0 = Release|Any CPU
		{B73ADFE8-A197-AD1D-5DFA-BFA412DC9E8D}.Release|x86.ActiveCfg = Release|Any CPU
		{B73ADFE8-A197-AD1D-5DFA-BFA412DC9E8D}.Release|x86.Build.0 = Release|Any CPU
		{80632200-2192-4AA8-A708-12BBC3BC1545}.Debug|Any CPU.ActiveCfg = Debug|Any CPU
		{80632200-2192-4AA8-A708-12BBC3BC1545}.Debug|Any CPU.Build.0 = Debug|Any CPU
		{80632200-2192-4AA8-A708-12BBC3BC1545}.Debug|x64.ActiveCfg = Debug|Any CPU
		{80632200-2192-4AA8-A708-12BBC3BC1545}.Debug|x64.Build.0 = Debug|Any CPU
		{80632200-2192-4AA8-A708-12BBC3BC1545}.Debug|x86.ActiveCfg = Debug|Any CPU
		{80632200-2192-4AA8-A708-12BBC3BC1545}.Debug|x86.Build.0 = Debug|Any CPU
		{80632200-2192-4AA8-A708-12BBC3BC1545}.Release|Any CPU.ActiveCfg = Release|Any CPU
		{80632200-2192-4AA8-A708-12BBC3BC1545}.Release|Any CPU.Build.0 = Release|Any CPU
		{80632200-2192-4AA8-A708-12BBC3BC1545}.Release|x64.ActiveCfg = Release|Any CPU
		{80632200-2192-4AA8-A708-12BBC3BC1545}.Release|x64.Build.0 = Release|Any CPU
		{80632200-2192-4AA8-A708-12BBC3BC1545}.Release|x86.ActiveCfg = Release|Any CPU
		{80632200-2192-4AA8-A708-12BBC3BC1545}.Release|x86.Build.0 = Release|Any CPU
		{E18BA09C-1B4B-4F76-98C2-B6ECED7CA0B6}.Debug|Any CPU.ActiveCfg = Debug|Any CPU
		{E18BA09C-1B4B-4F76-98C2-B6ECED7CA0B6}.Debug|Any CPU.Build.0 = Debug|Any CPU
		{E18BA09C-1B4B-4F76-98C2-B6ECED7CA0B6}.Debug|x64.ActiveCfg = Debug|Any CPU
		{E18BA09C-1B4B-4F76-98C2-B6ECED7CA0B6}.Debug|x64.Build.0 = Debug|Any CPU
		{E18BA09C-1B4B-4F76-98C2-B6ECED7CA0B6}.Debug|x86.ActiveCfg = Debug|Any CPU
		{E18BA09C-1B4B-4F76-98C2-B6ECED7CA0B6}.Debug|x86.Build.0 = Debug|Any CPU
		{E18BA09C-1B4B-4F76-98C2-B6ECED7CA0B6}.Release|Any CPU.ActiveCfg = Release|Any CPU
		{E18BA09C-1B4B-4F76-98C2-B6ECED7CA0B6}.Release|Any CPU.Build.0 = Release|Any CPU
		{E18BA09C-1B4B-4F76-98C2-B6ECED7CA0B6}.Release|x64.ActiveCfg = Release|Any CPU
		{E18BA09C-1B4B-4F76-98C2-B6ECED7CA0B6}.Release|x64.Build.0 = Release|Any CPU
		{E18BA09C-1B4B-4F76-98C2-B6ECED7CA0B6}.Release|x86.ActiveCfg = Release|Any CPU
		{E18BA09C-1B4B-4F76-98C2-B6ECED7CA0B6}.Release|x86.Build.0 = Release|Any CPU
		{4A211F66-88BF-44B4-9AB2-A7A1C9937E72}.Debug|Any CPU.ActiveCfg = Debug|Any CPU
		{4A211F66-88BF-44B4-9AB2-A7A1C9937E72}.Debug|Any CPU.Build.0 = Debug|Any CPU
		{4A211F66-88BF-44B4-9AB2-A7A1C9937E72}.Debug|x64.ActiveCfg = Debug|Any CPU
		{4A211F66-88BF-44B4-9AB2-A7A1C9937E72}.Debug|x64.Build.0 = Debug|Any CPU
		{4A211F66-88BF-44B4-9AB2-A7A1C9937E72}.Debug|x86.ActiveCfg = Debug|Any CPU
		{4A211F66-88BF-44B4-9AB2-A7A1C9937E72}.Debug|x86.Build.0 = Debug|Any CPU
		{4A211F66-88BF-44B4-9AB2-A7A1C9937E72}.Release|Any CPU.ActiveCfg = Release|Any CPU
		{4A211F66-88BF-44B4-9AB2-A7A1C9937E72}.Release|Any CPU.Build.0 = Release|Any CPU
		{4A211F66-88BF-44B4-9AB2-A7A1C9937E72}.Release|x64.ActiveCfg = Release|Any CPU
		{4A211F66-88BF-44B4-9AB2-A7A1C9937E72}.Release|x64.Build.0 = Release|Any CPU
		{4A211F66-88BF-44B4-9AB2-A7A1C9937E72}.Release|x86.ActiveCfg = Release|Any CPU
		{4A211F66-88BF-44B4-9AB2-A7A1C9937E72}.Release|x86.Build.0 = Release|Any CPU
		{0161A226-A807-4FD8-9C0A-625B9B79F4B5}.Debug|Any CPU.ActiveCfg = Debug|Any CPU
		{0161A226-A807-4FD8-9C0A-625B9B79F4B5}.Debug|Any CPU.Build.0 = Debug|Any CPU
		{0161A226-A807-4FD8-9C0A-625B9B79F4B5}.Debug|x64.ActiveCfg = Debug|Any CPU
		{0161A226-A807-4FD8-9C0A-625B9B79F4B5}.Debug|x64.Build.0 = Debug|Any CPU
		{0161A226-A807-4FD8-9C0A-625B9B79F4B5}.Debug|x86.ActiveCfg = Debug|Any CPU
		{0161A226-A807-4FD8-9C0A-625B9B79F4B5}.Debug|x86.Build.0 = Debug|Any CPU
		{0161A226-A807-4FD8-9C0A-625B9B79F4B5}.Release|Any CPU.ActiveCfg = Release|Any CPU
		{0161A226-A807-4FD8-9C0A-625B9B79F4B5}.Release|Any CPU.Build.0 = Release|Any CPU
		{0161A226-A807-4FD8-9C0A-625B9B79F4B5}.Release|x64.ActiveCfg = Release|Any CPU
		{0161A226-A807-4FD8-9C0A-625B9B79F4B5}.Release|x64.Build.0 = Release|Any CPU
		{0161A226-A807-4FD8-9C0A-625B9B79F4B5}.Release|x86.ActiveCfg = Release|Any CPU
		{0161A226-A807-4FD8-9C0A-625B9B79F4B5}.Release|x86.Build.0 = Release|Any CPU
	EndGlobalSection
	GlobalSection(SolutionProperties) = preSolution
		HideSolutionNode = FALSE
	EndGlobalSection
	GlobalSection(NestedProjects) = preSolution
		{80632200-2192-4AA8-A708-12BBC3BC1545} = {0AB3BF05-4346-4AA6-1389-037BE0695223}
		{E18BA09C-1B4B-4F76-98C2-B6ECED7CA0B6} = {0AB3BF05-4346-4AA6-1389-037BE0695223}
		{4A211F66-88BF-44B4-9AB2-A7A1C9937E72} = {0AB3BF05-4346-4AA6-1389-037BE0695223}
		{0161A226-A807-4FD8-9C0A-625B9B79F4B5} = {0AB3BF05-4346-4AA6-1389-037BE0695223}
	EndGlobalSection
	GlobalSection(ExtensibilityGlobals) = postSolution
		SolutionGuid = {34D1B9A8-2C3D-4A9F-B844-A9653B85E1FC}
	EndGlobalSection
EndGlobal
